{
  "name": "@blobscan/optimism-decoder",
  "version": "0.1.0",
  "lockfileVersion": 3,
  "requires": true,
  "packages": {
    "": {
      "name": "@blobscan/optimism-decoder",
      "version": "0.1.0",
      "license": "MIT",
      "dependencies": {
        "rlp": "^3.0.0"
      }
    },
    "node_modules/rlp": {
      "version": "3.0.0",
      "resolved": "https://registry.npmjs.org/rlp/-/rlp-3.0.0.tgz",
      "integrity": "sha512-PD6U2PGk6Vq2spfgiWZdomLvRGDreBLxi5jv5M8EpRo3pU6VEm31KO+HFxE18Q3vgqfDrQ9pZA3FP95rkijNKw==",
      "bin": {
        "rlp": "bin/rlp"
      }
    }
  }
}
